
Microsoft Visual Studio Solution File, Format Version 12.00
# Visual Studio Version 16
VisualStudioVersion = 16.0.29009.5
MinimumVisualStudioVersion = 10.0.40219.1
Project("{FAE04EC0-301F-11D3-BF4B-00C04F79EFBC}") = "Atomic.UWP", "Atomic\Atomic.UWP\Atomic.UWP.csproj", "{91072ADB-910B-401A-B8B6-351BDBC1E144}"
EndProject
Project("{FAE04EC0-301F-11D3-BF4B-00C04F79EFBC}") = "Atomic.Android", "Atomic\Atomic.Android\Atomic.Android.csproj", "{2759EF6B-1B7D-4A61-8E46-01DF9C55F75A}"
EndProject
Project("{FAE04EC0-301F-11D3-BF4B-00C04F79EFBC}") = "Atomic.iOS", "Atomic\Atomic.iOS\Atomic.iOS.csproj", "{C2B28E73-C214-4CC9-82E3-010EFE8D1DC9}"
EndProject
Project("{FAE04EC0-301F-11D3-BF4B-00C04F79EFBC}") = "Atomic", "Atomic\Atomic\Atomic.csproj", "{AAD5076F-CC60-4C54-BC2B-233235FD96FF}"
EndProject
Global
	GlobalSection(SolutionConfigurationPlatforms) = preSolution
		Debug|Any CPU = Debug|Any CPU
		Debug|ARM = Debug|ARM
		Debug|iPhone = Debug|iPhone
		Debug|iPhoneSimulator = Debug|iPhoneSimulator
		Debug|x64 = Debug|x64
		Debug|x86 = Debug|x86
		Release|Any CPU = Release|Any CPU
		Release|ARM = Release|ARM
		Release|iPhone = Release|iPhone
		Release|iPhoneSimulator = Release|iPhoneSimulator
		Release|x64 = Release|x64
		Release|x86 = Release|x86
	EndGlobalSection
	GlobalSection(ProjectConfigurationPlatforms) = postSolution
		{91072ADB-910B-401A-B8B6-351BDBC1E144}.Debug|Any CPU.ActiveCfg = Debug|x86
		{91072ADB-910B-401A-B8B6-351BDBC1E144}.Debug|Any CPU.Build.0 = Debug|x86
		{91072ADB-910B-401A-B8B6-351BDBC1E144}.Debug|Any CPU.Deploy.0 = Debug|x86
		{91072ADB-910B-401A-B8B6-351BDBC1E144}.Debug|ARM.ActiveCfg = Debug|ARM
		{91072ADB-910B-401A-B8B6-351BDBC1E144}.Debug|ARM.Build.0 = Debug|ARM
		{91072ADB-910B-401A-B8B6-351BDBC1E144}.Debug|ARM.Deploy.0 = Debug|ARM
		{91072ADB-910B-401A-B8B6-351BDBC1E144}.Debug|iPhone.ActiveCfg = Debug|x86
		{91072ADB-910B-401A-B8B6-351BDBC1E144}.Debug|iPhone.Build.0 = Debug|x86
		{91072ADB-910B-401A-B8B6-351BDBC1E144}.Debug|iPhone.Deploy.0 = Debug|x86
		{91072ADB-910B-401A-B8B6-351BDBC1E144}.Debug|iPhoneSimulator.ActiveCfg = Debug|x86
		{91072ADB-910B-401A-B8B6-351BDBC1E144}.Debug|iPhoneSimulator.Build.0 = Debug|x86
		{91072ADB-910B-401A-B8B6-351BDBC1E144}.Debug|iPhoneSimulator.Deploy.0 = Debug|x86
		{91072ADB-910B-401A-B8B6-351BDBC1E144}.Debug|x64.ActiveCfg = Debug|x64
		{91072ADB-910B-401A-B8B6-351BDBC1E144}.Debug|x64.Build.0 = Debug|x64
		{91072ADB-910B-401A-B8B6-351BDBC1E144}.Debug|x64.Deploy.0 = Debug|x64
		{91072ADB-910B-401A-B8B6-351BDBC1E144}.Debug|x86.ActiveCfg = Debug|x86
		{91072ADB-910B-401A-B8B6-351BDBC1E144}.Debug|x86.Build.0 = Debug|x86
		{91072ADB-910B-401A-B8B6-351BDBC1E144}.Debug|x86.Deploy.0 = Debug|x86
		{91072ADB-910B-401A-B8B6-351BDBC1E144}.Release|Any CPU.ActiveCfg = Release|x86
		{91072ADB-910B-401A-B8B6-351BDBC1E144}.Release|Any CPU.Build.0 = Release|x86
		{91072ADB-910B-401A-B8B6-351BDBC1E144}.Release|Any CPU.Deploy.0 = Release|x86
		{91072ADB-910B-401A-B8B6-351BDBC1E144}.Release|ARM.ActiveCfg = Release|ARM
		{91072ADB-910B-401A-B8B6-351BDBC1E144}.Release|ARM.Build.0 = Release|ARM
		{91072ADB-910B-401A-B8B6-351BDBC1E144}.Release|ARM.Deploy.0 = Release|ARM
		{91072ADB-910B-401A-B8B6-351BDBC1E144}.Release|iPhone.ActiveCfg = Release|x86
		{91072ADB-910B-401A-B8B6-351BDBC1E144}.Release|iPhone.Build.0 = Release|x86
		{91072ADB-910B-401A-B8B6-351BDBC1E144}.Release|iPhone.Deploy.0 = Release|x86
		{91072ADB-910B-401A-B8B6-351BDBC1E144}.Release|iPhoneSimulator.ActiveCfg = Release|x86
		{91072ADB-910B-401A-B8B6-351BDBC1E144}.Release|iPhoneSimulator.Build.0 = Release|x86
		{91072ADB-910B-401A-B8B6-351BDBC1E144}.Release|iPhoneSimulator.Deploy.0 = Release|x86
		{91072ADB-910B-401A-B8B6-351BDBC1E144}.Release|x64.ActiveCfg = Release|x64
		{91072ADB-910B-401A-B8B6-351BDBC1E144}.Release|x64.Build.0 = Release|x64
		{91072ADB-910B-401A-B8B6-351BDBC1E144}.Release|x64.Deploy.0 = Release|x64
		{91072ADB-910B-401A-B8B6-351BDBC1E144}.Release|x86.ActiveCfg = Release|x86
		{91072ADB-910B-401A-B8B6-351BDBC1E144}.Release|x86.Build.0 = Release|x86
		{91072ADB-910B-401A-B8B6-351BDBC1E144}.Release|x86.Deploy.0 = Release|x86
		{2759EF6B-1B7D-4A61-8E46-01DF9C55F75A}.Debug|Any CPU.ActiveCfg = Debug|Any CPU
		{2759EF6B-1B7D-4A61-8E46-01DF9C55F75A}.Debug|Any CPU.Build.0 = Debug|Any CPU
		{2759EF6B-1B7D-4A61-8E46-01DF9C55F75A}.Debug|Any CPU.Deploy.0 = Debug|Any CPU
		{2759EF6B-1B7D-4A61-8E46-01DF9C55F75A}.Debug|ARM.ActiveCfg = Debug|Any CPU
		{2759EF6B-1B7D-4A61-8E46-01DF9C55F75A}.Debug|ARM.Build.0 = Debug|Any CPU
		{2759EF6B-1B7D-4A61-8E46-01DF9C55F75A}.Debug|ARM.Deploy.0 = Debug|Any CPU
		{2759EF6B-1B7D-4A61-8E46-01DF9C55F75A}.Debug|iPhone.ActiveCfg = Debug|Any CPU
		{2759EF6B-1B7D-4A61-8E46-01DF9C55F75A}.Debug|iPhone.Build.0 = Debug|Any CPU
		{2759EF6B-1B7D-4A61-8E46-01DF9C55F75A}.Debug|iPhone.Deploy.0 = Debug|Any CPU
		{2759EF6B-1B7D-4A61-8E46-01DF9C55F75A}.Debug|iPhoneSimulator.ActiveCfg = Debug|Any CPU
		{2759EF6B-1B7D-4A61-8E46-01DF9C55F75A}.Debug|iPhoneSimulator.Build.0 = Debug|Any CPU
		{2759EF6B-1B7D-4A61-8E46-01DF9C55F75A}.Debug|iPhoneSimulator.Deploy.0 = Debug|Any CPU
		{2759EF6B-1B7D-4A61-8E46-01DF9C55F75A}.Debug|x64.ActiveCfg = Debug|Any CPU
		{2759EF6B-1B7D-4A61-8E46-01DF9C55F75A}.Debug|x64.Build.0 = Debug|Any CPU
		{2759EF6B-1B7D-4A61-8E46-01DF9C55F75A}.Debug|x64.Deploy.0 = Debug|Any CPU
		{2759EF6B-1B7D-4A61-8E46-01DF9C55F75A}.Debug|x86.ActiveCfg = Debug|Any CPU
		{2759EF6B-1B7D-4A61-8E46-01DF9C55F75A}.Debug|x86.Build.0 = Debug|Any CPU
		{2759EF6B-1B7D-4A61-8E46-01DF9C55F75A}.Debug|x86.Deploy.0 = Debug|Any CPU
		{2759EF6B-1B7D-4A61-8E46-01DF9C55F75A}.Release|Any CPU.ActiveCfg = Release|Any CPU
		{2759EF6B-1B7D-4A61-8E46-01DF9C55F75A}.Release|Any CPU.Build.0 = Release|Any CPU
		{2759EF6B-1B7D-4A61-8E46-01DF9C55F75A}.Release|Any CPU.Deploy.0 = Release|Any CPU
		{2759EF6B-1B7D-4A61-8E46-01DF9C55F75A}.Release|ARM.ActiveCfg = Release|Any CPU
		{2759EF6B-1B7D-4A61-8E46-01DF9C55F75A}.Release|ARM.Build.0 = Release|Any CPU
		{2759EF6B-1B7D-4A61-8E46-01DF9C55F75A}.Release|ARM.Deploy.0 = Release|Any CPU
		{2759EF6B-1B7D-4A61-8E46-01DF9C55F75A}.Release|iPhone.ActiveCfg = Release|Any CPU
		{2759EF6B-1B7D-4A61-8E46-01DF9C55F75A}.Release|iPhone.Build.0 = Release|Any CPU
		{2759EF6B-1B7D-4A61-8E46-01DF9C55F75A}.Release|iPhone.Deploy.0 = Release|Any CPU
		{2759EF6B-1B7D-4A61-8E46-01DF9C55F75A}.Release|iPhoneSimulator.ActiveCfg = Release|Any CPU
		{2759EF6B-1B7D-4A61-8E46-01DF9C55F75A}.Release|iPhoneSimulator.Build.0 = Release|Any CPU
		{2759EF6B-1B7D-4A61-8E46-01DF9C55F75A}.Release|iPhoneSimulator.Deploy.0 = Release|Any CPU
		{2759EF6B-1B7D-4A61-8E46-01DF9C55F75A}.Release|x64.ActiveCfg = Release|Any CPU
		{2759EF6B-1B7D-4A61-8E46-01DF9C55F75A}.Release|x64.Build.0 = Release|Any CPU
		{2759EF6B-1B7D-4A61-8E46-01DF9C55F75A}.Release|x64.Deploy.0 = Release|Any CPU
		{2759EF6B-1B7D-4A61-8E46-01DF9C55F75A}.Release|x86.ActiveCfg = Release|Any CPU
		{2759EF6B-1B7D-4A61-8E46-01DF9C55F75A}.Release|x86.Build.0 = Release|Any CPU
		{2759EF6B-1B7D-4A61-8E46-01DF9C55F75A}.Release|x86.Deploy.0 = Release|Any CPU
		{C2B28E73-C214-4CC9-82E3-010EFE8D1DC9}.Debug|Any CPU.ActiveCfg = Debug|iPhone
		{C2B28E73-C214-4CC9-82E3-010EFE8D1DC9}.Debug|Any CPU.Build.0 = Debug|iPhone
		{C2B28E73-C214-4CC9-82E3-010EFE8D1DC9}.Debug|Any CPU.Deploy.0 = Debug|iPhone
		{C2B28E73-C214-4CC9-82E3-010EFE8D1DC9}.Debug|ARM.ActiveCfg = Debug|iPhoneSimulator
		{C2B28E73-C214-4CC9-82E3-010EFE8D1DC9}.Debug|ARM.Build.0 = Debug|iPhoneSimulator
		{C2B28E73-C214-4CC9-82E3-010EFE8D1DC9}.Debug|ARM.Deploy.0 = Debug|iPhoneSimulator
		{C2B28E73-C214-4CC9-82E3-010EFE8D1DC9}.Debug|iPhone.ActiveCfg = Debug|iPhone
		{C2B28E73-C214-4CC9-82E3-010EFE8D1DC9}.Debug|iPhone.Build.0 = Debug|iPhone
		{C2B28E73-C214-4CC9-82E3-010EFE8D1DC9}.Debug|iPhone.Deploy.0 = Debug|iPhone
		{C2B28E73-C214-4CC9-82E3-010EFE8D1DC9}.Debug|iPhoneSimulator.ActiveCfg = Debug|iPhoneSimulator
		{C2B28E73-C214-4CC9-82E3-010EFE8D1DC9}.Debug|iPhoneSimulator.Build.0 = Debug|iPhoneSimulator
		{C2B28E73-C214-4CC9-82E3-010EFE8D1DC9}.Debug|iPhoneSimulator.Deploy.0 = Debug|iPhoneSimulator
		{C2B28E73-C214-4CC9-82E3-010EFE8D1DC9}.Debug|x64.ActiveCfg = Debug|iPhone
		{C2B28E73-C214-4CC9-82E3-010EFE8D1DC9}.Debug|x64.Build.0 = Debug|iPhone
		{C2B28E73-C214-4CC9-82E3-010EFE8D1DC9}.Debug|x64.Deploy.0 = Debug|iPhone
		{C2B28E73-C214-4CC9-82E3-010EFE8D1DC9}.Debug|x86.ActiveCfg = Debug|iPhone
		{C2B28E73-C214-4CC9-82E3-010EFE8D1DC9}.Debug|x86.Build.0 = Debug|iPhone
		{C2B28E73-C214-4CC9-82E3-010EFE8D1DC9}.Debug|x86.Deploy.0 = Debug|iPhone
		{C2B28E73-C214-4CC9-82E3-010EFE8D1DC9}.Release|Any CPU.ActiveCfg = Release|iPhone
		{C2B28E73-C214-4CC9-82E3-010EFE8D1DC9}.Release|Any CPU.Build.0 = Release|iPhone
		{C2B28E73-C214-4CC9-82E3-010EFE8D1DC9}.Release|Any CPU.Deploy.0 = Release|iPhone
		{C2B28E73-C214-4CC9-82E3-010EFE8D1DC9}.Release|ARM.ActiveCfg = Release|iPhone
		{C2B28E73-C214-4CC9-82E3-010EFE8D1DC9}.Release|ARM.Build.0 = Release|iPhone
		{C2B28E73-C214-4CC9-82E3-010EFE8D1DC9}.Release|ARM.Deploy.0 = Release|iPhone
		{C2B28E73-C214-4CC9-82E3-010EFE8D1DC9}.Release|iPhone.ActiveCfg = Release|iPhone
		{C2B28E73-C214-4CC9-82E3-010EFE8D1DC9}.Release|iPhone.Build.0 = Release|iPhone
		{C2B28E73-C214-4CC9-82E3-010EFE8D1DC9}.Release|iPhone.Deploy.0 = Release|iPhone
		{C2B28E73-C214-4CC9-82E3-010EFE8D1DC9}.Release|iPhoneSimulator.ActiveCfg = Release|iPhoneSimulator
		{C2B28E73-C214-4CC9-82E3-010EFE8D1DC9}.Release|iPhoneSimulator.Build.0 = Release|iPhoneSimulator
		{C2B28E73-C214-4CC9-82E3-010EFE8D1DC9}.Release|iPhoneSimulator.Deploy.0 = Release|iPhoneSimulator
		{C2B28E73-C214-4CC9-82E3-010EFE8D1DC9}.Release|x64.ActiveCfg = Release|iPhone
		{C2B28E73-C214-4CC9-82E3-010EFE8D1DC9}.Release|x64.Build.0 = Release|iPhone
		{C2B28E73-C214-4CC9-82E3-010EFE8D1DC9}.Release|x64.Deploy.0 = Release|iPhone
		{C2B28E73-C214-4CC9-82E3-010EFE8D1DC9}.Release|x86.ActiveCfg = Release|iPhone
		{C2B28E73-C214-4CC9-82E3-010EFE8D1DC9}.Release|x86.Build.0 = Release|iPhone
		{C2B28E73-C214-4CC9-82E3-010EFE8D1DC9}.Release|x86.Deploy.0 = Release|iPhone
		{AAD5076F-CC60-4C54-BC2B-233235FD96FF}.Debug|Any CPU.ActiveCfg = Debug|Any CPU
		{AAD5076F-CC60-4C54-BC2B-233235FD96FF}.Debug|Any CPU.Build.0 = Debug|Any CPU
		{AAD5076F-CC60-4C54-BC2B-233235FD96FF}.Debug|Any CPU.Deploy.0 = Debug|Any CPU
		{AAD5076F-CC60-4C54-BC2B-233235FD96FF}.Debug|ARM.ActiveCfg = Debug|Any CPU
		{AAD5076F-CC60-4C54-BC2B-233235FD96FF}.Debug|ARM.Build.0 = Debug|Any CPU
		{AAD5076F-CC60-4C54-BC2B-233235FD96FF}.Debug|ARM.Deploy.0 = Debug|Any CPU
		{AAD5076F-CC60-4C54-BC2B-233235FD96FF}.Debug|iPhone.ActiveCfg = Debug|Any CPU
		{AAD5076F-CC60-4C54-BC2B-233235FD96FF}.Debug|iPhone.Build.0 = Debug|Any CPU
		{AAD5076F-CC60-4C54-BC2B-233235FD96FF}.Debug|iPhone.Deploy.0 = Debug|Any CPU
		{AAD5076F-CC60-4C54-BC2B-233235FD96FF}.Debug|iPhoneSimulator.ActiveCfg = Debug|Any CPU
		{AAD5076F-CC60-4C54-BC2B-233235FD96FF}.Debug|iPhoneSimulator.Build.0 = Debug|Any CPU
		{AAD5076F-CC60-4C54-BC2B-233235FD96FF}.Debug|iPhoneSimulator.Deploy.0 = Debug|Any CPU
		{AAD5076F-CC60-4C54-BC2B-233235FD96FF}.Debug|x64.ActiveCfg = Debug|Any CPU
		{AAD5076F-CC60-4C54-BC2B-233235FD96FF}.Debug|x64.Build.0 = Debug|Any CPU
		{AAD5076F-CC60-4C54-BC2B-233235FD96FF}.Debug|x64.Deploy.0 = Debug|Any CPU
		{AAD5076F-CC60-4C54-BC2B-233235FD96FF}.Debug|x86.ActiveCfg = Debug|Any CPU
		{AAD5076F-CC60-4C54-BC2B-233235FD96FF}.Debug|x86.Build.0 = Debug|Any CPU
		{AAD5076F-CC60-4C54-BC2B-233235FD96FF}.Debug|x86.Deploy.0 = Debug|Any CPU
		{AAD5076F-CC60-4C54-BC2B-233235FD96FF}.Release|Any CPU.ActiveCfg = Release|Any CPU
		{AAD5076F-CC60-4C54-BC2B-233235FD96FF}.Release|Any CPU.Build.0 = Release|Any CPU
		{AAD5076F-CC60-4C54-BC2B-233235FD96FF}.Release|Any CPU.Deploy.0 = Release|Any CPU
		{AAD5076F-CC60-4C54-BC2B-233235FD96FF}.Release|ARM.ActiveCfg = Release|Any CPU
		{AAD5076F-CC60-4C54-BC2B-233235FD96FF}.Release|ARM.Build.0 = Release|Any CPU
		{AAD5076F-CC60-4C54-BC2B-233235FD96FF}.Release|ARM.Deploy.0 = Release|Any CPU
		{AAD5076F-CC60-4C54-BC2B-233235FD96FF}.Release|iPhone.ActiveCfg = Release|Any CPU
		{AAD5076F-CC60-4C54-BC2B-233235FD96FF}.Release|iPhone.Build.0 = Release|Any CPU
		{AAD5076F-CC60-4C54-BC2B-233235FD96FF}.Release|iPhone.Deploy.0 = Release|Any CPU
		{AAD5076F-CC60-4C54-BC2B-233235FD96FF}.Release|iPhoneSimulator.ActiveCfg = Release|Any CPU
		{AAD5076F-CC60-4C54-BC2B-233235FD96FF}.Release|iPhoneSimulator.Build.0 = Release|Any CPU
		{AAD5076F-CC60-4C54-BC2B-233235FD96FF}.Release|iPhoneSimulator.Deploy.0 = Release|Any CPU
		{AAD5076F-CC60-4C54-BC2B-233235FD96FF}.Release|x64.ActiveCfg = Release|Any CPU
		{AAD5076F-CC60-4C54-BC2B-233235FD96FF}.Release|x64.Build.0 = Release|Any CPU
		{AAD5076F-CC60-4C54-BC2B-233235FD96FF}.Release|x64.Deploy.0 = Release|Any CPU
		{AAD5076F-CC60-4C54-BC2B-233235FD96FF}.Release|x86.ActiveCfg = Release|Any CPU
		{AAD5076F-CC60-4C54-BC2B-233235FD96FF}.Release|x86.Build.0 = Release|Any CPU
		{AAD5076F-CC60-4C54-BC2B-233235FD96FF}.Release|x86.Deploy.0 = Release|Any CPU
	EndGlobalSection
	GlobalSection(SolutionProperties) = preSolution
		HideSolutionNode = FALSE
	EndGlobalSection
	GlobalSection(ExtensibilityGlobals) = postSolution
		SolutionGuid = {34048129-D2A0-435B-BF3D-A28EF438E9A7}
	EndGlobalSection
EndGlobal
